
Microsoft Visual Studio Solution File, Format Version 12.00
# Visual Studio 15
VisualStudioVersion = 15.0.27428.2015
MinimumVisualStudioVersion = 10.0.40219.1
Project("{FAE04EC0-301F-11D3-BF4B-00C04F79EFBC}") = "CertificationDemo", "CertificationDemo\CertificationDemo.csproj", "{9068BDC0-12DB-4FB7-8322-7F840C21728F}"
EndProject
Global
	GlobalSection(SolutionConfigurationPlatforms) = preSolution
		Debug|Any CPU = Debug|Any CPU
		Release|Any CPU = Release|Any CPU
	EndGlobalSection
	GlobalSection(ProjectConfigurationPlatforms) = postSolution
		{9068BDC0-12DB-4FB7-8322-7F840C21728F}.Debug|Any CPU.ActiveCfg = Debug|Any CPU
		{9068BDC0-12DB-4FB7-8322-7F840C21728F}.Debug|Any CPU.Build.0 = Debug|Any CPU
		{9068BDC0-12DB-4FB7-8322-7F840C21728F}.Release|Any CPU.ActiveCfg = Release|Any CPU
		{9068BDC0-12DB-4FB7-8322-7F840C21728F}.Release|Any CPU.Build.0 = Release|Any CPU
	EndGlobalSection
	GlobalSection(SolutionProperties) = preSolution
		HideSolutionNode = FALSE
	EndGlobalSection
	GlobalSection(ExtensibilityGlobals) = postSolution
		SolutionGuid = {55C61740-0220-4FB9-BED6-0FA844D04438}
	EndGlobalSection
EndGlobal
